// !$*UTF8*$!
{
	archiveVersion = 1;
	classes = {
	};
	objectVersion = 56;
	objects = {

/* Begin PBXBuildFile section */
		FA7162B02F0F4D0300CDB042 /* AppDelegate.swift in Sources */ = {isa = PBXBuildFile; fileRef = FA7162AF2F0F4D0300CDB042 /* AppDelegate.swift */; };
		FA7162B22F0F4D0300CDB042 /* SceneDelegate.swift in Sources */ = {isa = PBXBuildFile; fileRef = FA7162B12F0F4D0300CDB042 /* SceneDelegate.swift */; };
		FA7162B42F0F4D0300CDB042 /* ViewController.swift in Sources */ = {isa = PBXBuildFile; fileRef = FA7162B32F0F4D0300CDB042 /* ViewController.swift */; };
		FA7162B72F0F4D0300CDB042 /* Main.storyboard in Resources */ = {isa = PBXBuildFile; fileRef = FA7162B52F0F4D0300CDB042 /* Main.storyboard */; };
		FA7162B92F0F4D0600CDB042 /* Assets.xcassets in Resources */ = {isa = PBXBuildFile; fileRef = FA7162B82F0F4D0600CDB042 /* Assets.xcassets */; };
		FA7162BC2F0F4D0600CDB042 /* LaunchScreen.storyboard in Resources */ = {isa = PBXBuildFile; fileRef = FA7162BA2F0F4D0600CDB042 /* LaunchScreen.storyboard */; };
		FA7162CB2F0F6C1400CDB042 /* LabelViewController.swift in Sources */ = {isa = PBXBuildFile; fileRef = FA7162CA2F0F6C1400CDB042 /* LabelViewController.swift */; };
		FA7162CD2F0F99AF00CDB042 /* ButtonViewController.swift in Sources */ = {isa = PBXBuildFile; fileRef = FA7162CC2F0F99AF00CDB042 /* ButtonViewController.swift */; };
		FA8E6C952F0FACC500BE129F /* ViewControllerPreview.swift in Sources */ = {isa = PBXBuildFile; fileRef = FA8E6C942F0FACC500BE129F /* ViewControllerPreview.swift */; };
		FAA275732F10F70800805227 /* StackViewController.swift in Sources */ = {isa = PBXBuildFile; fileRef = FAA275722F10F70800805227 /* StackViewController.swift */; };
		FAA275752F10FBE500805227 /* TextFieldViewController.swift in Sources */ = {isa = PBXBuildFile; fileRef = FAA275742F10FBE500805227 /* TextFieldViewController.swift */; };
		FAA7B60C2F10E51B0064839B /* ImageViewController.swift in Sources */ = {isa = PBXBuildFile; fileRef = FAA7B60B2F10E51B0064839B /* ImageViewController.swift */; };
		FAA7B60E2F10E8D70064839B /* ShapeViewController.swift in Sources */ = {isa = PBXBuildFile; fileRef = FAA7B60D2F10E8D70064839B /* ShapeViewController.swift */; };
/* End PBXBuildFile section */

/* Begin PBXFileReference section */
		FA7162AC2F0F4D0300CDB042 /* UIKitBasic.app */ = {isa = PBXFileReference; explicitFileType = wrapper.application; includeInIndex = 0; path = UIKitBasic.app; sourceTree = BUILT_PRODUCTS_DIR; };
		FA7162AF2F0F4D0300CDB042 /* AppDelegate.swift */ = {isa = PBXFileReference; lastKnownFileType = sourcecode.swift; path = AppDelegate.swift; sourceTree = "<group>"; };
		FA7162B12F0F4D0300CDB042 /* SceneDelegate.swift */ = {isa = PBXFileReference; lastKnownFileType = sourcecode.swift; path = SceneDelegate.swift; sourceTree = "<group>"; };
		FA7162B32F0F4D0300CDB042 /* ViewController.swift */ = {isa = PBXFileReference; lastKnownFileType = sourcecode.swift; path = ViewController.swift; sourceTree = "<group>"; };
		FA7162B62F0F4D0300CDB042 /* Base */ = {isa = PBXFileReference; lastKnownFileType = file.storyboard; name = Base; path = Base.lproj/Main.storyboard; sourceTree = "<group>"; };
		FA7162B82F0F4D0600CDB042 /* Assets.xcassets */ = {isa = PBXFileReference; lastKnownFileType = folder.assetcatalog; path = Assets.xcassets; sourceTree = "<group>"; };
		FA7162BB2F0F4D0600CDB042 /* Base */ = {isa = PBXFileReference; lastKnownFileType = file.storyboard; name = Base; path = Base.lproj/LaunchScreen.storyboard; sourceTree = "<group>"; };
		FA7162BD2F0F4D0600CDB042 /* Info.plist */ = {isa = PBXFileReference; lastKnownFileType = text.plist.xml; path = Info.plist; sourceTree = "<group>"; };
		FA7162CA2F0F6C1400CDB042 /* LabelViewController.swift */ = {isa = PBXFileReference; lastKnownFileType = sourcecode.swift; path = LabelViewController.swift; sourceTree = "<group>"; };
		FA7162CC2F0F99AF00CDB042 /* ButtonViewController.swift */ = {isa = PBXFileReference; lastKnownFileType = sourcecode.swift; path = ButtonViewController.swift; sourceTree = "<group>"; };
		FA8E6C942F0FACC500BE129F /* ViewControllerPreview.swift */ = {isa = PBXFileReference; lastKnownFileType = sourcecode.swift; path = ViewControllerPreview.swift; sourceTree = "<group>"; };
		FAA275722F10F70800805227 /* StackViewController.swift */ = {isa = PBXFileReference; lastKnownFileType = sourcecode.swift; path = StackViewController.swift; sourceTree = "<group>"; };
		FAA275742F10FBE500805227 /* TextFieldViewController.swift */ = {isa = PBXFileReference; lastKnownFileType = sourcecode.swift; path = TextFieldViewController.swift; sourceTree = "<group>"; };
		FAA7B60B2F10E51B0064839B /* ImageViewController.swift */ = {isa = PBXFileReference; lastKnownFileType = sourcecode.swift; path = ImageViewController.swift; sourceTree = "<group>"; };
		FAA7B60D2F10E8D70064839B /* ShapeViewController.swift */ = {isa = PBXFileReference; lastKnownFileType = sourcecode.swift; path = ShapeViewController.swift; sourceTree = "<group>"; };
/* End PBXFileReference section */

/* Begin PBXFrameworksBuildPhase section */
		FA7162A92F0F4D0300CDB042 /* Frameworks */ = {
			isa = PBXFrameworksBuildPhase;
			buildActionMask = 2147483647;
			files = (
			);
			runOnlyForDeploymentPostprocessing = 0;
		};
/* End PBXFrameworksBuildPhase section */

/* Begin PBXGroup section */
		FA7162A32F0F4D0300CDB042 = {
			isa = PBXGroup;
			children = (
				FA7162AE2F0F4D0300CDB042 /* UIKitBasic */,
				FA7162AD2F0F4D0300CDB042 /* Products */,
			);
			sourceTree = "<group>";
		};
		FA7162AD2F0F4D0300CDB042 /* Products */ = {
			isa = PBXGroup;
			children = (
				FA7162AC2F0F4D0300CDB042 /* UIKitBasic.app */,
			);
			name = Products;
			sourceTree = "<group>";
		};
		FA7162AE2F0F4D0300CDB042 /* UIKitBasic */ = {
			isa = PBXGroup;
			children = (
				FA7162C32F0F4EC900CDB042 /* App */,
				FA7162C62F0F4F0100CDB042 /* Basics */,
				FA7162C52F0F4EEF00CDB042 /* Crypto */,
				FA7162C72F0F4F4000CDB042 /* Extensions */,
				FA7162C82F0F4F8A00CDB042 /* Resources */,
				FA7162C92F0F4F9600CDB042 /* Storyboards */,
			);
			path = UIKitBasic;
			sourceTree = "<group>";
		};
		FA7162C32F0F4EC900CDB042 /* App */ = {
			isa = PBXGroup;
			children = (
				FA7162AF2F0F4D0300CDB042 /* AppDelegate.swift */,
				FA7162B12F0F4D0300CDB042 /* SceneDelegate.swift */,
			);
			path = App;
			sourceTree = "<group>";
		};
		FA7162C52F0F4EEF00CDB042 /* Crypto */ = {
			isa = PBXGroup;
			children = (
			);
			path = Crypto;
			sourceTree = "<group>";
		};
		FA7162C62F0F4F0100CDB042 /* Basics */ = {
			isa = PBXGroup;
			children = (
				FA7162B32F0F4D0300CDB042 /* ViewController.swift */,
				FA7162CA2F0F6C1400CDB042 /* LabelViewController.swift */,
				FA7162CC2F0F99AF00CDB042 /* ButtonViewController.swift */,
				FAA7B60B2F10E51B0064839B /* ImageViewController.swift */,
				FAA7B60D2F10E8D70064839B /* ShapeViewController.swift */,
				FAA275722F10F70800805227 /* StackViewController.swift */,
				FAA275742F10FBE500805227 /* TextFieldViewController.swift */,
			);
			path = Basics;
			sourceTree = "<group>";
		};
		FA7162C72F0F4F4000CDB042 /* Extensions */ = {
			isa = PBXGroup;
			children = (
				FA8E6C942F0FACC500BE129F /* ViewControllerPreview.swift */,
			);
			path = Extensions;
			sourceTree = "<group>";
		};
		FA7162C82F0F4F8A00CDB042 /* Resources */ = {
			isa = PBXGroup;
			children = (
				FA7162B82F0F4D0600CDB042 /* Assets.xcassets */,
				FA7162BD2F0F4D0600CDB042 /* Info.plist */,
			);
			path = Resources;
			sourceTree = "<group>";
		};
		FA7162C92F0F4F9600CDB042 /* Storyboards */ = {
			isa = PBXGroup;
			children = (
				FA7162BA2F0F4D0600CDB042 /* LaunchScreen.storyboard */,
				FA7162B52F0F4D0300CDB042 /* Main.storyboard */,
			);
			path = Storyboards;
			sourceTree = "<group>";
		};
/* End PBXGroup section */

/* Begin PBXNativeTarget section */
		FA7162AB2F0F4D0300CDB042 /* UIKitBasic */ = {
			isa = PBXNativeTarget;
			buildConfigurationList = FA7162C02F0F4D0600CDB042 /* Build configuration list for PBXNativeTarget "UIKitBasic" */;
			buildPhases = (
				FA7162A82F0F4D0300CDB042 /* Sources */,
				FA7162A92F0F4D0300CDB042 /* Frameworks */,
				FA7162AA2F0F4D0300CDB042 /* Resources */,
			);
			buildRules = (
			);
			dependencies = (
			);
			name = UIKitBasic;
			productName = UIKitBasic;
			productReference = FA7162AC2F0F4D0300CDB042 /* UIKitBasic.app */;
			productType = "com.apple.product-type.application";
		};
/* End PBXNativeTarget section */

/* Begin PBXProject section */
		FA7162A42F0F4D0300CDB042 /* Project object */ = {
			isa = PBXProject;
			attributes = {
				BuildIndependentTargetsInParallel = 1;
				LastSwiftUpdateCheck = 1520;
				LastUpgradeCheck = 1520;
				ORGANIZATIONNAME = "Pan Nguyen";
				TargetAttributes = {
					FA7162AB2F0F4D0300CDB042 = {
						CreatedOnToolsVersion = 15.2;
					};
				};
			};
			buildConfigurationList = FA7162A72F0F4D0300CDB042 /* Build configuration list for PBXProject "UIKitBasic" */;
			compatibilityVersion = "Xcode 14.0";
			developmentRegion = en;
			hasScannedForEncodings = 0;
			knownRegions = (
				en,
				Base,
			);
			mainGroup = FA7162A32F0F4D0300CDB042;
			productRefGroup = FA7162AD2F0F4D0300CDB042 /* Products */;
			projectDirPath = "";
			projectRoot = "";
			targets = (
				FA7162AB2F0F4D0300CDB042 /* UIKitBasic */,
			);
		};
/* End PBXProject section */

/* Begin PBXResourcesBuildPhase section */
		FA7162AA2F0F4D0300CDB042 /* Resources */ = {
			isa = PBXResourcesBuildPhase;
			buildActionMask = 2147483647;
			files = (
				FA7162BC2F0F4D0600CDB042 /* LaunchScreen.storyboard in Resources */,
				FA7162B92F0F4D0600CDB042 /* Assets.xcassets in Resources */,
				FA7162B72F0F4D0300CDB042 /* Main.storyboard in Resources */,
			);
			runOnlyForDeploymentPostprocessing = 0;
		};
/* End PBXResourcesBuildPhase section */

/* Begin PBXSourcesBuildPhase section */
		FA7162A82F0F4D0300CDB042 /* Sources */ = {
			isa = PBXSourcesBuildPhase;
			buildActionMask = 2147483647;
			files = (
				FAA275752F10FBE500805227 /* TextFieldViewController.swift in Sources */,
				FA7162B42F0F4D0300CDB042 /* ViewController.swift in Sources */,
				FA8E6C952F0FACC500BE129F /* ViewControllerPreview.swift in Sources */,
				FA7162B02F0F4D0300CDB042 /* AppDelegate.swift in Sources */,
				FAA7B60C2F10E51B0064839B /* ImageViewController.swift in Sources */,
				FAA7B60E2F10E8D70064839B /* ShapeViewController.swift in Sources */,
				FA7162B22F0F4D0300CDB042 /* SceneDelegate.swift in Sources */,
				FAA275732F10F70800805227 /* StackViewController.swift in Sources */,
				FA7162CD2F0F99AF00CDB042 /* ButtonViewController.swift in Sources */,
				FA7162CB2F0F6C1400CDB042 /* LabelViewController.swift in Sources */,
			);
			runOnlyForDeploymentPostprocessing = 0;
		};
/* End PBXSourcesBuildPhase section */

/* Begin PBXVariantGroup section */
		FA7162B52F0F4D0300CDB042 /* Main.storyboard */ = {
			isa = PBXVariantGroup;
			children = (
				FA7162B62F0F4D0300CDB042 /* Base */,
			);
			name = Main.storyboard;
			sourceTree = "<group>";
		};
		FA7162BA2F0F4D0600CDB042 /* LaunchScreen.storyboard */ = {
			isa = PBXVariantGroup;
			children = (
				FA7162BB2F0F4D0600CDB042 /* Base */,
			);
			name = LaunchScreen.storyboard;
			sourceTree = "<group>";
		};
/* End PBXVariantGroup section */

/* Begin XCBuildConfiguration section */
		FA7162BE2F0F4D0600CDB042 /* Debug */ = {
			isa = XCBuildConfiguration;
			buildSettings = {
				ALWAYS_SEARCH_USER_PATHS = NO;
				ASSETCATALOG_COMPILER_GENERATE_SWIFT_ASSET_SYMBOL_EXTENSIONS = YES;
				CLANG_ANALYZER_NONNULL = YES;
				CLANG_ANALYZER_NUMBER_OBJECT_CONVERSION = YES_AGGRESSIVE;
				CLANG_CXX_LANGUAGE_STANDARD = "gnu++20";
				CLANG_ENABLE_MODULES = YES;
				CLANG_ENABLE_OBJC_ARC = YES;
				CLANG_ENABLE_OBJC_WEAK = YES;
				CLANG_WARN_BLOCK_CAPTURE_AUTORELEASING = YES;
				CLANG_WARN_BOOL_CONVERSION = YES;
				CLANG_WARN_COMMA = YES;
				CLANG_WARN_CONSTANT_CONVERSION = YES;
				CLANG_WARN_DEPRECATED_OBJC_IMPLEMENTATIONS = YES;
				CLANG_WARN_DIRECT_OBJC_ISA_USAGE = YES_ERROR;
				CLANG_WARN_DOCUMENTATION_COMMENTS = YES;
				CLANG_WARN_EMPTY_BODY = YES;
				CLANG_WARN_ENUM_CONVERSION = YES;
				CLANG_WARN_INFINITE_RECURSION = YES;
				CLANG_WARN_INT_CONVERSION = YES;
				CLANG_WARN_NON_LITERAL_NULL_CONVERSION = YES;
				CLANG_WARN_OBJC_IMPLICIT_RETAIN_SELF = YES;
				CLANG_WARN_OBJC_LITERAL_CONVERSION = YES;
				CLANG_WARN_OBJC_ROOT_CLASS = YES_ERROR;
				CLANG_WARN_QUOTED_INCLUDE_IN_FRAMEWORK_HEADER = YES;
				CLANG_WARN_RANGE_LOOP_ANALYSIS = YES;
				CLANG_WARN_STRICT_PROTOTYPES = YES;
				CLANG_WARN_SUSPICIOUS_MOVE = YES;
				CLANG_WARN_UNGUARDED_AVAILABILITY = YES_AGGRESSIVE;
				CLANG_WARN_UNREACHABLE_CODE = YES;
				CLANG_WARN__DUPLICATE_METHOD_MATCH = YES;
				COPY_PHASE_STRIP = NO;
				DEBUG_INFORMATION_FORMAT = dwarf;
				ENABLE_STRICT_OBJC_MSGSEND = YES;
				ENABLE_TESTABILITY = YES;
				ENABLE_USER_SCRIPT_SANDBOXING = YES;
				GCC_C_LANGUAGE_STANDARD = gnu17;
				GCC_DYNAMIC_NO_PIC = NO;
				GCC_NO_COMMON_BLOCKS = YES;
				GCC_OPTIMIZATION_LEVEL = 0;
				GCC_PREPROCESSOR_DEFINITIONS = (
					"DEBUG=1",
					"$(inherited)",
				);
				GCC_WARN_64_TO_32_BIT_CONVERSION = YES;
				GCC_WARN_ABOUT_RETURN_TYPE = YES_ERROR;
				GCC_WARN_UNDECLARED_SELECTOR = YES;
				GCC_WARN_UNINITIALIZED_AUTOS = YES_AGGRESSIVE;
				GCC_WARN_UNUSED_FUNCTION = YES;
				GCC_WARN_UNUSED_VARIABLE = YES;
				IPHONEOS_DEPLOYMENT_TARGET = 17.2;
				LOCALIZATION_PREFERS_STRING_CATALOGS = YES;
				MTL_ENABLE_DEBUG_INFO = INCLUDE_SOURCE;
				MTL_FAST_MATH = YES;
				ONLY_ACTIVE_ARCH = YES;
				SDKROOT = iphoneos;
				SWIFT_ACTIVE_COMPILATION_CONDITIONS = "DEBUG $(inherited)";
				SWIFT_OPTIMIZATION_LEVEL = "-Onone";
			};
			name = Debug;
		};
		FA7162BF2F0F4D0600CDB042 /* Release */ = {
			isa = XCBuildConfiguration;
			buildSettings = {
				ALWAYS_SEARCH_USER_PATHS = NO;
				ASSETCATALOG_COMPILER_GENERATE_SWIFT_ASSET_SYMBOL_EXTENSIONS = YES;
				CLANG_ANALYZER_NONNULL = YES;
				CLANG_ANALYZER_NUMBER_OBJECT_CONVERSION = YES_AGGRESSIVE;
				CLANG_CXX_LANGUAGE_STANDARD = "gnu++20";
				CLANG_ENABLE_MODULES = YES;
				CLANG_ENABLE_OBJC_ARC = YES;
				CLANG_ENABLE_OBJC_WEAK = YES;
				CLANG_WARN_BLOCK_CAPTURE_AUTORELEASING = YES;
				CLANG_WARN_BOOL_CONVERSION = YES;
				CLANG_WARN_COMMA = YES;
				CLANG_WARN_CONSTANT_CONVERSION = YES;
				CLANG_WARN_DEPRECATED_OBJC_IMPLEMENTATIONS = YES;
				CLANG_WARN_DIRECT_OBJC_ISA_USAGE = YES_ERROR;
				CLANG_WARN_DOCUMENTATION_COMMENTS = YES;
				CLANG_WARN_EMPTY_BODY = YES;
				CLANG_WARN_ENUM_CONVERSION = YES;
				CLANG_WARN_INFINITE_RECURSION = YES;
				CLANG_WARN_INT_CONVERSION = YES;
				CLANG_WARN_NON_LITERAL_NULL_CONVERSION = YES;
				CLANG_WARN_OBJC_IMPLICIT_RETAIN_SELF = YES;
				CLANG_WARN_OBJC_LITERAL_CONVERSION = YES;
				CLANG_WARN_OBJC_ROOT_CLASS = YES_ERROR;
				CLANG_WARN_QUOTED_INCLUDE_IN_FRAMEWORK_HEADER = YES;
				CLANG_WARN_RANGE_LOOP_ANALYSIS = YES;
				CLANG_WARN_STRICT_PROTOTYPES = YES;
				CLANG_WARN_SUSPICIOUS_MOVE = YES;
				CLANG_WARN_UNGUARDED_AVAILABILITY = YES_AGGRESSIVE;
				CLANG_WARN_UNREACHABLE_CODE = YES;
				CLANG_WARN__DUPLICATE_METHOD_MATCH = YES;
				COPY_PHASE_STRIP = NO;
				DEBUG_INFORMATION_FORMAT = "dwarf-with-dsym";
				ENABLE_NS_ASSERTIONS = NO;
				ENABLE_STRICT_OBJC_MSGSEND = YES;
				ENABLE_USER_SCRIPT_SANDBOXING = YES;
				GCC_C_LANGUAGE_STANDARD = gnu17;
				GCC_NO_COMMON_BLOCKS = YES;
				GCC_WARN_64_TO_32_BIT_CONVERSION = YES;
				GCC_WARN_ABOUT_RETURN_TYPE = YES_ERROR;
				GCC_WARN_UNDECLARED_SELECTOR = YES;
				GCC_WARN_UNINITIALIZED_AUTOS = YES_AGGRESSIVE;
				GCC_WARN_UNUSED_FUNCTION = YES;
				GCC_WARN_UNUSED_VARIABLE = YES;
				IPHONEOS_DEPLOYMENT_TARGET = 17.2;
				LOCALIZATION_PREFERS_STRING_CATALOGS = YES;
				MTL_ENABLE_DEBUG_INFO = NO;
				MTL_FAST_MATH = YES;
				SDKROOT = iphoneos;
				SWIFT_COMPILATION_MODE = wholemodule;
				VALIDATE_PRODUCT = YES;
			};
			name = Release;
		};
		FA7162C12F0F4D0600CDB042 /* Debug */ = {
			isa = XCBuildConfiguration;
			buildSettings = {
				ASSETCATALOG_COMPILER_APPICON_NAME = AppIcon;
				ASSETCATALOG_COMPILER_GLOBAL_ACCENT_COLOR_NAME = AccentColor;
				CODE_SIGN_STYLE = Automatic;
				CURRENT_PROJECT_VERSION = 1;
				DEVELOPMENT_TEAM = HNBXKDP93D;
				GENERATE_INFOPLIST_FILE = YES;
				INFOPLIST_FILE = UIKitBasic/Resources/Info.plist;
				INFOPLIST_KEY_UIApplicationSupportsIndirectInputEvents = YES;
				INFOPLIST_KEY_UILaunchStoryboardName = LaunchScreen;
				INFOPLIST_KEY_UIMainStoryboardFile = Main;
				INFOPLIST_KEY_UISupportedInterfaceOrientations_iPad = "UIInterfaceOrientationPortrait UIInterfaceOrientationPortraitUpsideDown UIInterfaceOrientationLandscapeLeft UIInterfaceOrientationLandscapeRight";
				INFOPLIST_KEY_UISupportedInterfaceOrientations_iPhone = "UIInterfaceOrientationPortrait UIInterfaceOrientationLandscapeLeft UIInterfaceOrientationLandscapeRight";
				IPHONEOS_DEPLOYMENT_TARGET = 15.0;
				LD_RUNPATH_SEARCH_PATHS = (
					"$(inherited)",
					"@executable_path/Frameworks",
				);
				MARKETING_VERSION = 1.0;
				PRODUCT_BUNDLE_IDENTIFIER = com.UIKitBasic;
				PRODUCT_NAME = "$(TARGET_NAME)";
				SWIFT_EMIT_LOC_STRINGS = YES;
				SWIFT_VERSION = 5.0;
				TARGETED_DEVICE_FAMILY = "1,2";
			};
			name = Debug;
		};
		FA7162C22F0F4D0600CDB042 /* Release */ = {
			isa = XCBuildConfiguration;
			buildSettings = {
				ASSETCATALOG_COMPILER_APPICON_NAME = AppIcon;
				ASSETCATALOG_COMPILER_GLOBAL_ACCENT_COLOR_NAME = AccentColor;
				CODE_SIGN_STYLE = Automatic;
				CURRENT_PROJECT_VERSION = 1;
				DEVELOPMENT_TEAM = HNBXKDP93D;
				GENERATE_INFOPLIST_FILE = YES;
				INFOPLIST_FILE = UIKitBasic/Resources/Info.plist;
				INFOPLIST_KEY_UIApplicationSupportsIndirectInputEvents = YES;
				INFOPLIST_KEY_UILaunchStoryboardName = LaunchScreen;
				INFOPLIST_KEY_UIMainStoryboardFile = Main;
				INFOPLIST_KEY_UISupportedInterfaceOrientations_iPad = "UIInterfaceOrientationPortrait UIInterfaceOrientationPortraitUpsideDown UIInterfaceOrientationLandscapeLeft UIInterfaceOrientationLandscapeRight";
				INFOPLIST_KEY_UISupportedInterfaceOrientations_iPhone = "UIInterfaceOrientationPortrait UIInterfaceOrientationLandscapeLeft UIInterfaceOrientationLandscapeRight";
				IPHONEOS_DEPLOYMENT_TARGET = 15.0;
				LD_RUNPATH_SEARCH_PATHS = (
					"$(inherited)",
					"@executable_path/Frameworks",
				);
				MARKETING_VERSION = 1.0;
				PRODUCT_BUNDLE_IDENTIFIER = com.UIKitBasic;
				PRODUCT_NAME = "$(TARGET_NAME)";
				SWIFT_EMIT_LOC_STRINGS = YES;
				SWIFT_VERSION = 5.0;
				TARGETED_DEVICE_FAMILY = "1,2";
			};
			name = Release;
		};
/* End XCBuildConfiguration section */

/* Begin XCConfigurationList section */
		FA7162A72F0F4D0300CDB042 /* Build configuration list for PBXProject "UIKitBasic" */ = {
			isa = XCConfigurationList;
			buildConfigurations = (
				FA7162BE2F0F4D0600CDB042 /* Debug */,
				FA7162BF2F0F4D0600CDB042 /* Release */,
			);
			defaultConfigurationIsVisible = 0;
			defaultConfigurationName = Release;
		};
		FA7162C02F0F4D0600CDB042 /* Build configuration list for PBXNativeTarget "UIKitBasic" */ = {
			isa = XCConfigurationList;
			buildConfigurations = (
				FA7162C12F0F4D0600CDB042 /* Debug */,
				FA7162C22F0F4D0600CDB042 /* Release */,
			);
			defaultConfigurationIsVisible = 0;
			defaultConfigurationName = Release;
		};
/* End XCConfigurationList section */
	};
	rootObject = FA7162A42F0F4D0300CDB042 /* Project object */;
}
